{
    "name": "自定义模态框",
    "version": "1.0.3",
    "lockfileVersion": 2,
    "requires": true,
    "packages": {
        "": {
            "name": "自定义模态框",
            "version": "1.0.3",
            "dependencies": {
                "jsts": "^2.11.0"
            }
        },
        "node_modules/jsts": {
            "version": "2.11.0",
            "resolved": "https://registry.npmmirror.com/jsts/-/jsts-2.11.0.tgz",
            "integrity": "sha512-1++68krnA5CJ8DguYiqNWAtoDJl/4c6yLVKp+DylTKsOY73JERGRXYFT7ncPipHc33lgnjVWReKJO8+gpwm5ag==",
            "engines": {
                "node": ">= 16"
            }
        }
    },
    "dependencies": {
        "jsts": {
            "version": "2.11.0",
            "resolved": "https://registry.npmmirror.com/jsts/-/jsts-2.11.0.tgz",
            "integrity": "sha512-1++68krnA5CJ8DguYiqNWAtoDJl/4c6yLVKp+DylTKsOY73JERGRXYFT7ncPipHc33lgnjVWReKJO8+gpwm5ag=="
        }
    }
}
